
Microsoft Visual Studio Solution File, Format Version 12.00
# Visual Studio Version 17
VisualStudioVersion = 17.1.32407.343
MinimumVisualStudioVersion = 10.0.40219.1
Project("{FAE04EC0-301F-11D3-BF4B-00C04F79EFBC}") = "exam", "exam\exam.csproj", "{F002B3E0-180D-40A2-A99A-F73E9F3965CD}"
EndProject
Global
	GlobalSection(SolutionConfigurationPlatforms) = preSolution
		Debug|Any CPU = Debug|Any CPU
		Release|Any CPU = Release|Any CPU
	EndGlobalSection
	GlobalSection(ProjectConfigurationPlatforms) = postSolution
		{F002B3E0-180D-40A2-A99A-F73E9F3965CD}.Debug|Any CPU.ActiveCfg = Debug|Any CPU
		{F002B3E0-180D-40A2-A99A-F73E9F3965CD}.Debug|Any CPU.Build.0 = Debug|Any CPU
		{F002B3E0-180D-40A2-A99A-F73E9F3965CD}.Release|Any CPU.ActiveCfg = Release|Any CPU
		{F002B3E0-180D-40A2-A99A-F73E9F3965CD}.Release|Any CPU.Build.0 = Release|Any CPU
	EndGlobalSection
	GlobalSection(SolutionProperties) = preSolution
		HideSolutionNode = FALSE
	EndGlobalSection
	GlobalSection(ExtensibilityGlobals) = postSolution
		SolutionGuid = {7B92DA91-3E1D-4912-B7F3-F3FDD7844220}
	EndGlobalSection
EndGlobal
